
Microsoft Visual Studio Solution File, Format Version 12.00
# Visual Studio Version 16
VisualStudioVersion = 16.0.31613.86
MinimumVisualStudioVersion = 10.0.40219.1
Project("{FAE04EC0-301F-11D3-BF4B-00C04F79EFBC}") = "RemoteShell", "RemoteShell\RemoteShell.csproj", "{465CBACC-2DA7-4573-B6E6-F9DBA637EEAD}"
EndProject
Global
	GlobalSection(SolutionConfigurationPlatforms) = preSolution
		Debug|Any CPU = Debug|Any CPU
		Release|Any CPU = Release|Any CPU
	EndGlobalSection
	GlobalSection(ProjectConfigurationPlatforms) = postSolution
		{465CBACC-2DA7-4573-B6E6-F9DBA637EEAD}.Debug|Any CPU.ActiveCfg = Debug|Any CPU
		{465CBACC-2DA7-4573-B6E6-F9DBA637EEAD}.Debug|Any CPU.Build.0 = Debug|Any CPU
		{465CBACC-2DA7-4573-B6E6-F9DBA637EEAD}.Release|Any CPU.ActiveCfg = Release|Any CPU
		{465CBACC-2DA7-4573-B6E6-F9DBA637EEAD}.Release|Any CPU.Build.0 = Release|Any CPU
	EndGlobalSection
	GlobalSection(SolutionProperties) = preSolution
		HideSolutionNode = FALSE
	EndGlobalSection
	GlobalSection(ExtensibilityGlobals) = postSolution
		SolutionGuid = {D77B064D-5404-4AF4-A2E8-2B3CCE00BD47}
	EndGlobalSection
EndGlobal
